
Microsoft Visual Studio Solution File, Format Version 12.00
# Visual Studio Version 16
VisualStudioVersion = 16.0.30204.135
MinimumVisualStudioVersion = 10.0.40219.1
Project("{FAE04EC0-301F-11D3-BF4B-00C04F79EFBC}") = "Hotspot", "Hotspot\Hotspot.csproj", "{889DDD75-3F80-481B-8D3E-10BB99D38DEE}"
EndProject
Global
	GlobalSection(SolutionConfigurationPlatforms) = preSolution
		Debug|Any CPU = Debug|Any CPU
		Release|Any CPU = Release|Any CPU
	EndGlobalSection
	GlobalSection(ProjectConfigurationPlatforms) = postSolution
		{889DDD75-3F80-481B-8D3E-10BB99D38DEE}.Debug|Any CPU.ActiveCfg = Debug|Any CPU
		{889DDD75-3F80-481B-8D3E-10BB99D38DEE}.Debug|Any CPU.Build.0 = Debug|Any CPU
		{889DDD75-3F80-481B-8D3E-10BB99D38DEE}.Release|Any CPU.ActiveCfg = Release|Any CPU
		{889DDD75-3F80-481B-8D3E-10BB99D38DEE}.Release|Any CPU.Build.0 = Release|Any CPU
	EndGlobalSection
	GlobalSection(SolutionProperties) = preSolution
		HideSolutionNode = FALSE
	EndGlobalSection
	GlobalSection(ExtensibilityGlobals) = postSolution
		SolutionGuid = {BCB520B2-5DD6-4E8A-9411-06A5B5F28574}
	EndGlobalSection
EndGlobal
